{
  "requires": true,
  "lockfileVersion": 1,
  "dependencies": {
    "@forgerock/openbanking-ngx-common": {
      "version": "1.0.3",
      "resolved": "https://registry.npmjs.org/@forgerock/openbanking-ngx-common/-/openbanking-ngx-common-1.0.3.tgz",
      "integrity": "sha512-JOJzUqxHs/CYkRkgN7YkFUajjMk5yflL8jfW0TVNSQbdpOSjSn7rywfRi7GuyM7Z5zGIjvcjFVMW1nj24pctCw=="
    }
  }
}
